// !$*UTF8*$!
{
	archiveVersion = 1;
	classes = {
	};
	objectVersion = 50;
	objects = {

/* Begin PBXBuildFile section */
		FB5F748426B510AC006FECB9 /* AppDelegate.swift in Sources */ = {isa = PBXBuildFile; fileRef = FB5F748326B510AC006FECB9 /* AppDelegate.swift */; };
		FB5F748626B510AC006FECB9 /* SceneDelegate.swift in Sources */ = {isa = PBXBuildFile; fileRef = FB5F748526B510AC006FECB9 /* SceneDelegate.swift */; };
		FB5F748826B510AC006FECB9 /* ContentView.swift in Sources */ = {isa = PBXBuildFile; fileRef = FB5F748726B510AC006FECB9 /* ContentView.swift */; };
		FB5F748A26B510B2006FECB9 /* Assets.xcassets in Resources */ = {isa = PBXBuildFile; fileRef = FB5F748926B510B2006FECB9 /* Assets.xcassets */; };
		FB5F748D26B510B2006FECB9 /* Preview Assets.xcassets in Resources */ = {isa = PBXBuildFile; fileRef = FB5F748C26B510B2006FECB9 /* Preview Assets.xcassets */; };
		FB5F749026B510B2006FECB9 /* LaunchScreen.storyboard in Resources */ = {isa = PBXBuildFile; fileRef = FB5F748E26B510B2006FECB9 /* LaunchScreen.storyboard */; };
		FB5F749B26B510B2006FECB9 /* Mock_Instagram_Feed_SwifUITests.swift in Sources */ = {isa = PBXBuildFile; fileRef = FB5F749A26B510B2006FECB9 /* Mock_Instagram_Feed_SwifUITests.swift */; };
		FB5F74A626B510B2006FECB9 /* Mock_Instagram_Feed_SwifUIUITests.swift in Sources */ = {isa = PBXBuildFile; fileRef = FB5F74A526B510B2006FECB9 /* Mock_Instagram_Feed_SwifUIUITests.swift */; };
/* End PBXBuildFile section */

/* Begin PBXContainerItemProxy section */
		FB5F749726B510B2006FECB9 /* PBXContainerItemProxy */ = {
			isa = PBXContainerItemProxy;
			containerPortal = FB5F747826B510AC006FECB9 /* Project object */;
			proxyType = 1;
			remoteGlobalIDString = FB5F747F26B510AC006FECB9;
			remoteInfo = "Mock Instagram Feed SwifUI";
		};
		FB5F74A226B510B2006FECB9 /* PBXContainerItemProxy */ = {
			isa = PBXContainerItemProxy;
			containerPortal = FB5F747826B510AC006FECB9 /* Project object */;
			proxyType = 1;
			remoteGlobalIDString = FB5F747F26B510AC006FECB9;
			remoteInfo = "Mock Instagram Feed SwifUI";
		};
/* End PBXContainerItemProxy section */

/* Begin PBXFileReference section */
		FB5F748026B510AC006FECB9 /* Mock Instagram Feed SwifUI.app */ = {isa = PBXFileReference; explicitFileType = wrapper.application; includeInIndex = 0; path = "Mock Instagram Feed SwifUI.app"; sourceTree = BUILT_PRODUCTS_DIR; };
		FB5F748326B510AC006FECB9 /* AppDelegate.swift */ = {isa = PBXFileReference; lastKnownFileType = sourcecode.swift; path = AppDelegate.swift; sourceTree = "<group>"; };
		FB5F748526B510AC006FECB9 /* SceneDelegate.swift */ = {isa = PBXFileReference; lastKnownFileType = sourcecode.swift; path = SceneDelegate.swift; sourceTree = "<group>"; };
		FB5F748726B510AC006FECB9 /* ContentView.swift */ = {isa = PBXFileReference; lastKnownFileType = sourcecode.swift; path = ContentView.swift; sourceTree = "<group>"; };
		FB5F748926B510B2006FECB9 /* Assets.xcassets */ = {isa = PBXFileReference; lastKnownFileType = folder.assetcatalog; path = Assets.xcassets; sourceTree = "<group>"; };
		FB5F748C26B510B2006FECB9 /* Preview Assets.xcassets */ = {isa = PBXFileReference; lastKnownFileType = folder.assetcatalog; path = "Preview Assets.xcassets"; sourceTree = "<group>"; };
		FB5F748F26B510B2006FECB9 /* Base */ = {isa = PBXFileReference; lastKnownFileType = file.storyboard; name = Base; path = Base.lproj/LaunchScreen.storyboard; sourceTree = "<group>"; };
		FB5F749126B510B2006FECB9 /* Info.plist */ = {isa = PBXFileReference; lastKnownFileType = text.plist.xml; path = Info.plist; sourceTree = "<group>"; };
		FB5F749626B510B2006FECB9 /* Mock Instagram Feed SwifUITests.xctest */ = {isa = PBXFileReference; explicitFileType = wrapper.cfbundle; includeInIndex = 0; path = "Mock Instagram Feed SwifUITests.xctest"; sourceTree = BUILT_PRODUCTS_DIR; };
		FB5F749A26B510B2006FECB9 /* Mock_Instagram_Feed_SwifUITests.swift */ = {isa = PBXFileReference; lastKnownFileType = sourcecode.swift; path = Mock_Instagram_Feed_SwifUITests.swift; sourceTree = "<group>"; };
		FB5F749C26B510B2006FECB9 /* Info.plist */ = {isa = PBXFileReference; lastKnownFileType = text.plist.xml; path = Info.plist; sourceTree = "<group>"; };
		FB5F74A126B510B2006FECB9 /* Mock Instagram Feed SwifUIUITests.xctest */ = {isa = PBXFileReference; explicitFileType = wrapper.cfbundle; includeInIndex = 0; path = "Mock Instagram Feed SwifUIUITests.xctest"; sourceTree = BUILT_PRODUCTS_DIR; };
		FB5F74A526B510B2006FECB9 /* Mock_Instagram_Feed_SwifUIUITests.swift */ = {isa = PBXFileReference; lastKnownFileType = sourcecode.swift; path = Mock_Instagram_Feed_SwifUIUITests.swift; sourceTree = "<group>"; };
		FB5F74A726B510B2006FECB9 /* Info.plist */ = {isa = PBXFileReference; lastKnownFileType = text.plist.xml; path = Info.plist; sourceTree = "<group>"; };
/* End PBXFileReference section */

/* Begin PBXFrameworksBuildPhase section */
		FB5F747D26B510AC006FECB9 /* Frameworks */ = {
			isa = PBXFrameworksBuildPhase;
			buildActionMask = 2147483647;
			files = (
			);
			runOnlyForDeploymentPostprocessing = 0;
		};
		FB5F749326B510B2006FECB9 /* Frameworks */ = {
			isa = PBXFrameworksBuildPhase;
			buildActionMask = 2147483647;
			files = (
			);
			runOnlyForDeploymentPostprocessing = 0;
		};
		FB5F749E26B510B2006FECB9 /* Frameworks */ = {
			isa = PBXFrameworksBuildPhase;
			buildActionMask = 2147483647;
			files = (
			);
			runOnlyForDeploymentPostprocessing = 0;
		};
/* End PBXFrameworksBuildPhase section */

/* Begin PBXGroup section */
		FB5F747726B510AC006FECB9 = {
			isa = PBXGroup;
			children = (
				FB5F748226B510AC006FECB9 /* Mock Instagram Feed SwifUI */,
				FB5F749926B510B2006FECB9 /* Mock Instagram Feed SwifUITests */,
				FB5F74A426B510B2006FECB9 /* Mock Instagram Feed SwifUIUITests */,
				FB5F748126B510AC006FECB9 /* Products */,
			);
			sourceTree = "<group>";
		};
		FB5F748126B510AC006FECB9 /* Products */ = {
			isa = PBXGroup;
			children = (
				FB5F748026B510AC006FECB9 /* Mock Instagram Feed SwifUI.app */,
				FB5F749626B510B2006FECB9 /* Mock Instagram Feed SwifUITests.xctest */,
				FB5F74A126B510B2006FECB9 /* Mock Instagram Feed SwifUIUITests.xctest */,
			);
			name = Products;
			sourceTree = "<group>";
		};
		FB5F748226B510AC006FECB9 /* Mock Instagram Feed SwifUI */ = {
			isa = PBXGroup;
			children = (
				FB5F748326B510AC006FECB9 /* AppDelegate.swift */,
				FB5F748526B510AC006FECB9 /* SceneDelegate.swift */,
				FB5F748726B510AC006FECB9 /* ContentView.swift */,
				FB5F748926B510B2006FECB9 /* Assets.xcassets */,
				FB5F748E26B510B2006FECB9 /* LaunchScreen.storyboard */,
				FB5F749126B510B2006FECB9 /* Info.plist */,
				FB5F748B26B510B2006FECB9 /* Preview Content */,
			);
			path = "Mock Instagram Feed SwifUI";
			sourceTree = "<group>";
		};
		FB5F748B26B510B2006FECB9 /* Preview Content */ = {
			isa = PBXGroup;
			children = (
				FB5F748C26B510B2006FECB9 /* Preview Assets.xcassets */,
			);
			path = "Preview Content";
			sourceTree = "<group>";
		};
		FB5F749926B510B2006FECB9 /* Mock Instagram Feed SwifUITests */ = {
			isa = PBXGroup;
			children = (
				FB5F749A26B510B2006FECB9 /* Mock_Instagram_Feed_SwifUITests.swift */,
				FB5F749C26B510B2006FECB9 /* Info.plist */,
			);
			path = "Mock Instagram Feed SwifUITests";
			sourceTree = "<group>";
		};
		FB5F74A426B510B2006FECB9 /* Mock Instagram Feed SwifUIUITests */ = {
			isa = PBXGroup;
			children = (
				FB5F74A526B510B2006FECB9 /* Mock_Instagram_Feed_SwifUIUITests.swift */,
				FB5F74A726B510B2006FECB9 /* Info.plist */,
			);
			path = "Mock Instagram Feed SwifUIUITests";
			sourceTree = "<group>";
		};
/* End PBXGroup section */

/* Begin PBXNativeTarget section */
		FB5F747F26B510AC006FECB9 /* Mock Instagram Feed SwifUI */ = {
			isa = PBXNativeTarget;
			buildConfigurationList = FB5F74AA26B510B2006FECB9 /* Build configuration list for PBXNativeTarget "Mock Instagram Feed SwifUI" */;
			buildPhases = (
				FB5F747C26B510AC006FECB9 /* Sources */,
				FB5F747D26B510AC006FECB9 /* Frameworks */,
				FB5F747E26B510AC006FECB9 /* Resources */,
			);
			buildRules = (
			);
			dependencies = (
			);
			name = "Mock Instagram Feed SwifUI";
			productName = "Mock Instagram Feed SwifUI";
			productReference = FB5F748026B510AC006FECB9 /* Mock Instagram Feed SwifUI.app */;
			productType = "com.apple.product-type.application";
		};
		FB5F749526B510B2006FECB9 /* Mock Instagram Feed SwifUITests */ = {
			isa = PBXNativeTarget;
			buildConfigurationList = FB5F74AD26B510B2006FECB9 /* Build configuration list for PBXNativeTarget "Mock Instagram Feed SwifUITests" */;
			buildPhases = (
				FB5F749226B510B2006FECB9 /* Sources */,
				FB5F749326B510B2006FECB9 /* Frameworks */,
				FB5F749426B510B2006FECB9 /* Resources */,
			);
			buildRules = (
			);
			dependencies = (
				FB5F749826B510B2006FECB9 /* PBXTargetDependency */,
			);
			name = "Mock Instagram Feed SwifUITests";
			productName = "Mock Instagram Feed SwifUITests";
			productReference = FB5F749626B510B2006FECB9 /* Mock Instagram Feed SwifUITests.xctest */;
			productType = "com.apple.product-type.bundle.unit-test";
		};
		FB5F74A026B510B2006FECB9 /* Mock Instagram Feed SwifUIUITests */ = {
			isa = PBXNativeTarget;
			buildConfigurationList = FB5F74B026B510B2006FECB9 /* Build configuration list for PBXNativeTarget "Mock Instagram Feed SwifUIUITests" */;
			buildPhases = (
				FB5F749D26B510B2006FECB9 /* Sources */,
				FB5F749E26B510B2006FECB9 /* Frameworks */,
				FB5F749F26B510B2006FECB9 /* Resources */,
			);
			buildRules = (
			);
			dependencies = (
				FB5F74A326B510B2006FECB9 /* PBXTargetDependency */,
			);
			name = "Mock Instagram Feed SwifUIUITests";
			productName = "Mock Instagram Feed SwifUIUITests";
			productReference = FB5F74A126B510B2006FECB9 /* Mock Instagram Feed SwifUIUITests.xctest */;
			productType = "com.apple.product-type.bundle.ui-testing";
		};
/* End PBXNativeTarget section */

/* Begin PBXProject section */
		FB5F747826B510AC006FECB9 /* Project object */ = {
			isa = PBXProject;
			attributes = {
				LastSwiftUpdateCheck = 1220;
				LastUpgradeCheck = 1220;
				TargetAttributes = {
					FB5F747F26B510AC006FECB9 = {
						CreatedOnToolsVersion = 12.2;
					};
					FB5F749526B510B2006FECB9 = {
						CreatedOnToolsVersion = 12.2;
						TestTargetID = FB5F747F26B510AC006FECB9;
					};
					FB5F74A026B510B2006FECB9 = {
						CreatedOnToolsVersion = 12.2;
						TestTargetID = FB5F747F26B510AC006FECB9;
					};
				};
			};
			buildConfigurationList = FB5F747B26B510AC006FECB9 /* Build configuration list for PBXProject "Mock Instagram Feed SwifUI" */;
			compatibilityVersion = "Xcode 9.3";
			developmentRegion = en;
			hasScannedForEncodings = 0;
			knownRegions = (
				en,
				Base,
			);
			mainGroup = FB5F747726B510AC006FECB9;
			productRefGroup = FB5F748126B510AC006FECB9 /* Products */;
			projectDirPath = "";
			projectRoot = "";
			targets = (
				FB5F747F26B510AC006FECB9 /* Mock Instagram Feed SwifUI */,
				FB5F749526B510B2006FECB9 /* Mock Instagram Feed SwifUITests */,
				FB5F74A026B510B2006FECB9 /* Mock Instagram Feed SwifUIUITests */,
			);
		};
/* End PBXProject section */

/* Begin PBXResourcesBuildPhase section */
		FB5F747E26B510AC006FECB9 /* Resources */ = {
			isa = PBXResourcesBuildPhase;
			buildActionMask = 2147483647;
			files = (
				FB5F749026B510B2006FECB9 /* LaunchScreen.storyboard in Resources */,
				FB5F748D26B510B2006FECB9 /* Preview Assets.xcassets in Resources */,
				FB5F748A26B510B2006FECB9 /* Assets.xcassets in Resources */,
			);
			runOnlyForDeploymentPostprocessing = 0;
		};
		FB5F749426B510B2006FECB9 /* Resources */ = {
			isa = PBXResourcesBuildPhase;
			buildActionMask = 2147483647;
			files = (
			);
			runOnlyForDeploymentPostprocessing = 0;
		};
		FB5F749F26B510B2006FECB9 /* Resources */ = {
			isa = PBXResourcesBuildPhase;
			buildActionMask = 2147483647;
			files = (
			);
			runOnlyForDeploymentPostprocessing = 0;
		};
/* End PBXResourcesBuildPhase section */

/* Begin PBXSourcesBuildPhase section */
		FB5F747C26B510AC006FECB9 /* Sources */ = {
			isa = PBXSourcesBuildPhase;
			buildActionMask = 2147483647;
			files = (
				FB5F748426B510AC006FECB9 /* AppDelegate.swift in Sources */,
				FB5F748626B510AC006FECB9 /* SceneDelegate.swift in Sources */,
				FB5F748826B510AC006FECB9 /* ContentView.swift in Sources */,
			);
			runOnlyForDeploymentPostprocessing = 0;
		};
		FB5F749226B510B2006FECB9 /* Sources */ = {
			isa = PBXSourcesBuildPhase;
			buildActionMask = 2147483647;
			files = (
				FB5F749B26B510B2006FECB9 /* Mock_Instagram_Feed_SwifUITests.swift in Sources */,
			);
			runOnlyForDeploymentPostprocessing = 0;
		};
		FB5F749D26B510B2006FECB9 /* Sources */ = {
			isa = PBXSourcesBuildPhase;
			buildActionMask = 2147483647;
			files = (
				FB5F74A626B510B2006FECB9 /* Mock_Instagram_Feed_SwifUIUITests.swift in Sources */,
			);
			runOnlyForDeploymentPostprocessing = 0;
		};
/* End PBXSourcesBuildPhase section */

/* Begin PBXTargetDependency section */
		FB5F749826B510B2006FECB9 /* PBXTargetDependency */ = {
			isa = PBXTargetDependency;
			target = FB5F747F26B510AC006FECB9 /* Mock Instagram Feed SwifUI */;
			targetProxy = FB5F749726B510B2006FECB9 /* PBXContainerItemProxy */;
		};
		FB5F74A326B510B2006FECB9 /* PBXTargetDependency */ = {
			isa = PBXTargetDependency;
			target = FB5F747F26B510AC006FECB9 /* Mock Instagram Feed SwifUI */;
			targetProxy = FB5F74A226B510B2006FECB9 /* PBXContainerItemProxy */;
		};
/* End PBXTargetDependency section */

/* Begin PBXVariantGroup section */
		FB5F748E26B510B2006FECB9 /* LaunchScreen.storyboard */ = {
			isa = PBXVariantGroup;
			children = (
				FB5F748F26B510B2006FECB9 /* Base */,
			);
			name = LaunchScreen.storyboard;
			sourceTree = "<group>";
		};
/* End PBXVariantGroup section */

/* Begin XCBuildConfiguration section */
		FB5F74A826B510B2006FECB9 /* Debug */ = {
			isa = XCBuildConfiguration;
			buildSettings = {
				ALWAYS_SEARCH_USER_PATHS = NO;
				CLANG_ANALYZER_NONNULL = YES;
				CLANG_ANALYZER_NUMBER_OBJECT_CONVERSION = YES_AGGRESSIVE;
				CLANG_CXX_LANGUAGE_STANDARD = "gnu++14";
				CLANG_CXX_LIBRARY = "libc++";
				CLANG_ENABLE_MODULES = YES;
				CLANG_ENABLE_OBJC_ARC = YES;
				CLANG_ENABLE_OBJC_WEAK = YES;
				CLANG_WARN_BLOCK_CAPTURE_AUTORELEASING = YES;
				CLANG_WARN_BOOL_CONVERSION = YES;
				CLANG_WARN_COMMA = YES;
				CLANG_WARN_CONSTANT_CONVERSION = YES;
				CLANG_WARN_DEPRECATED_OBJC_IMPLEMENTATIONS = YES;
				CLANG_WARN_DIRECT_OBJC_ISA_USAGE = YES_ERROR;
				CLANG_WARN_DOCUMENTATION_COMMENTS = YES;
				CLANG_WARN_EMPTY_BODY = YES;
				CLANG_WARN_ENUM_CONVERSION = YES;
				CLANG_WARN_INFINITE_RECURSION = YES;
				CLANG_WARN_INT_CONVERSION = YES;
				CLANG_WARN_NON_LITERAL_NULL_CONVERSION = YES;
				CLANG_WARN_OBJC_IMPLICIT_RETAIN_SELF = YES;
				CLANG_WARN_OBJC_LITERAL_CONVERSION = YES;
				CLANG_WARN_OBJC_ROOT_CLASS = YES_ERROR;
				CLANG_WARN_QUOTED_INCLUDE_IN_FRAMEWORK_HEADER = YES;
				CLANG_WARN_RANGE_LOOP_ANALYSIS = YES;
				CLANG_WARN_STRICT_PROTOTYPES = YES;
				CLANG_WARN_SUSPICIOUS_MOVE = YES;
				CLANG_WARN_UNGUARDED_AVAILABILITY = YES_AGGRESSIVE;
				CLANG_WARN_UNREACHABLE_CODE = YES;
				CLANG_WARN__DUPLICATE_METHOD_MATCH = YES;
				COPY_PHASE_STRIP = NO;
				DEBUG_INFORMATION_FORMAT = dwarf;
				ENABLE_STRICT_OBJC_MSGSEND = YES;
				ENABLE_TESTABILITY = YES;
				GCC_C_LANGUAGE_STANDARD = gnu11;
				GCC_DYNAMIC_NO_PIC = NO;
				GCC_NO_COMMON_BLOCKS = YES;
				GCC_OPTIMIZATION_LEVEL = 0;
				GCC_PREPROCESSOR_DEFINITIONS = (
					"DEBUG=1",
					"$(inherited)",
				);
				GCC_WARN_64_TO_32_BIT_CONVERSION = YES;
				GCC_WARN_ABOUT_RETURN_TYPE = YES_ERROR;
				GCC_WARN_UNDECLARED_SELECTOR = YES;
				GCC_WARN_UNINITIALIZED_AUTOS = YES_AGGRESSIVE;
				GCC_WARN_UNUSED_FUNCTION = YES;
				GCC_WARN_UNUSED_VARIABLE = YES;
				IPHONEOS_DEPLOYMENT_TARGET = 14.2;
				MTL_ENABLE_DEBUG_INFO = INCLUDE_SOURCE;
				MTL_FAST_MATH = YES;
				ONLY_ACTIVE_ARCH = YES;
				SDKROOT = iphoneos;
				SWIFT_ACTIVE_COMPILATION_CONDITIONS = DEBUG;
				SWIFT_OPTIMIZATION_LEVEL = "-Onone";
			};
			name = Debug;
		};
		FB5F74A926B510B2006FECB9 /* Release */ = {
			isa = XCBuildConfiguration;
			buildSettings = {
				ALWAYS_SEARCH_USER_PATHS = NO;
				CLANG_ANALYZER_NONNULL = YES;
				CLANG_ANALYZER_NUMBER_OBJECT_CONVERSION = YES_AGGRESSIVE;
				CLANG_CXX_LANGUAGE_STANDARD = "gnu++14";
				CLANG_CXX_LIBRARY = "libc++";
				CLANG_ENABLE_MODULES = YES;
				CLANG_ENABLE_OBJC_ARC = YES;
				CLANG_ENABLE_OBJC_WEAK = YES;
				CLANG_WARN_BLOCK_CAPTURE_AUTORELEASING = YES;
				CLANG_WARN_BOOL_CONVERSION = YES;
				CLANG_WARN_COMMA = YES;
				CLANG_WARN_CONSTANT_CONVERSION = YES;
				CLANG_WARN_DEPRECATED_OBJC_IMPLEMENTATIONS = YES;
				CLANG_WARN_DIRECT_OBJC_ISA_USAGE = YES_ERROR;
				CLANG_WARN_DOCUMENTATION_COMMENTS = YES;
				CLANG_WARN_EMPTY_BODY = YES;
				CLANG_WARN_ENUM_CONVERSION = YES;
				CLANG_WARN_INFINITE_RECURSION = YES;
				CLANG_WARN_INT_CONVERSION = YES;
				CLANG_WARN_NON_LITERAL_NULL_CONVERSION = YES;
				CLANG_WARN_OBJC_IMPLICIT_RETAIN_SELF = YES;
				CLANG_WARN_OBJC_LITERAL_CONVERSION = YES;
				CLANG_WARN_OBJC_ROOT_CLASS = YES_ERROR;
				CLANG_WARN_QUOTED_INCLUDE_IN_FRAMEWORK_HEADER = YES;
				CLANG_WARN_RANGE_LOOP_ANALYSIS = YES;
				CLANG_WARN_STRICT_PROTOTYPES = YES;
				CLANG_WARN_SUSPICIOUS_MOVE = YES;
				CLANG_WARN_UNGUARDED_AVAILABILITY = YES_AGGRESSIVE;
				CLANG_WARN_UNREACHABLE_CODE = YES;
				CLANG_WARN__DUPLICATE_METHOD_MATCH = YES;
				COPY_PHASE_STRIP = NO;
				DEBUG_INFORMATION_FORMAT = "dwarf-with-dsym";
				ENABLE_NS_ASSERTIONS = NO;
				ENABLE_STRICT_OBJC_MSGSEND = YES;
				GCC_C_LANGUAGE_STANDARD = gnu11;
				GCC_NO_COMMON_BLOCKS = YES;
				GCC_WARN_64_TO_32_BIT_CONVERSION = YES;
				GCC_WARN_ABOUT_RETURN_TYPE = YES_ERROR;
				GCC_WARN_UNDECLARED_SELECTOR = YES;
				GCC_WARN_UNINITIALIZED_AUTOS = YES_AGGRESSIVE;
				GCC_WARN_UNUSED_FUNCTION = YES;
				GCC_WARN_UNUSED_VARIABLE = YES;
				IPHONEOS_DEPLOYMENT_TARGET = 14.2;
				MTL_ENABLE_DEBUG_INFO = NO;
				MTL_FAST_MATH = YES;
				SDKROOT = iphoneos;
				SWIFT_COMPILATION_MODE = wholemodule;
				SWIFT_OPTIMIZATION_LEVEL = "-O";
				VALIDATE_PRODUCT = YES;
			};
			name = Release;
		};
		FB5F74AB26B510B2006FECB9 /* Debug */ = {
			isa = XCBuildConfiguration;
			buildSettings = {
				ASSETCATALOG_COMPILER_APPICON_NAME = AppIcon;
				ASSETCATALOG_COMPILER_GLOBAL_ACCENT_COLOR_NAME = AccentColor;
				CODE_SIGN_STYLE = Automatic;
				DEVELOPMENT_ASSET_PATHS = "\"Mock Instagram Feed SwifUI/Preview Content\"";
				DEVELOPMENT_TEAM = S3HV3V77JS;
				ENABLE_PREVIEWS = YES;
				INFOPLIST_FILE = "Mock Instagram Feed SwifUI/Info.plist";
				LD_RUNPATH_SEARCH_PATHS = (
					"$(inherited)",
					"@executable_path/Frameworks",
				);
				PRODUCT_BUNDLE_IDENTIFIER = "com.bGenius.Mock-Instagram-Feed-SwifUI";
				PRODUCT_NAME = "$(TARGET_NAME)";
				SWIFT_VERSION = 5.0;
				TARGETED_DEVICE_FAMILY = "1,2";
			};
			name = Debug;
		};
		FB5F74AC26B510B2006FECB9 /* Release */ = {
			isa = XCBuildConfiguration;
			buildSettings = {
				ASSETCATALOG_COMPILER_APPICON_NAME = AppIcon;
				ASSETCATALOG_COMPILER_GLOBAL_ACCENT_COLOR_NAME = AccentColor;
				CODE_SIGN_STYLE = Automatic;
				DEVELOPMENT_ASSET_PATHS = "\"Mock Instagram Feed SwifUI/Preview Content\"";
				DEVELOPMENT_TEAM = S3HV3V77JS;
				ENABLE_PREVIEWS = YES;
				INFOPLIST_FILE = "Mock Instagram Feed SwifUI/Info.plist";
				LD_RUNPATH_SEARCH_PATHS = (
					"$(inherited)",
					"@executable_path/Frameworks",
				);
				PRODUCT_BUNDLE_IDENTIFIER = "com.bGenius.Mock-Instagram-Feed-SwifUI";
				PRODUCT_NAME = "$(TARGET_NAME)";
				SWIFT_VERSION = 5.0;
				TARGETED_DEVICE_FAMILY = "1,2";
			};
			name = Release;
		};
		FB5F74AE26B510B2006FECB9 /* Debug */ = {
			isa = XCBuildConfiguration;
			buildSettings = {
				ALWAYS_EMBED_SWIFT_STANDARD_LIBRARIES = YES;
				BUNDLE_LOADER = "$(TEST_HOST)";
				CODE_SIGN_STYLE = Automatic;
				DEVELOPMENT_TEAM = S3HV3V77JS;
				INFOPLIST_FILE = "Mock Instagram Feed SwifUITests/Info.plist";
				IPHONEOS_DEPLOYMENT_TARGET = 14.2;
				LD_RUNPATH_SEARCH_PATHS = (
					"$(inherited)",
					"@executable_path/Frameworks",
					"@loader_path/Frameworks",
				);
				PRODUCT_BUNDLE_IDENTIFIER = "com.bGenius.Mock-Instagram-Feed-SwifUITests";
				PRODUCT_NAME = "$(TARGET_NAME)";
				SWIFT_VERSION = 5.0;
				TARGETED_DEVICE_FAMILY = "1,2";
				TEST_HOST = "$(BUILT_PRODUCTS_DIR)/Mock Instagram Feed SwifUI.app/Mock Instagram Feed SwifUI";
			};
			name = Debug;
		};
		FB5F74AF26B510B2006FECB9 /* Release */ = {
			isa = XCBuildConfiguration;
			buildSettings = {
				ALWAYS_EMBED_SWIFT_STANDARD_LIBRARIES = YES;
				BUNDLE_LOADER = "$(TEST_HOST)";
				CODE_SIGN_STYLE = Automatic;
				DEVELOPMENT_TEAM = S3HV3V77JS;
				INFOPLIST_FILE = "Mock Instagram Feed SwifUITests/Info.plist";
				IPHONEOS_DEPLOYMENT_TARGET = 14.2;
				LD_RUNPATH_SEARCH_PATHS = (
					"$(inherited)",
					"@executable_path/Frameworks",
					"@loader_path/Frameworks",
				);
				PRODUCT_BUNDLE_IDENTIFIER = "com.bGenius.Mock-Instagram-Feed-SwifUITests";
				PRODUCT_NAME = "$(TARGET_NAME)";
				SWIFT_VERSION = 5.0;
				TARGETED_DEVICE_FAMILY = "1,2";
				TEST_HOST = "$(BUILT_PRODUCTS_DIR)/Mock Instagram Feed SwifUI.app/Mock Instagram Feed SwifUI";
			};
			name = Release;
		};
		FB5F74B126B510B2006FECB9 /* Debug */ = {
			isa = XCBuildConfiguration;
			buildSettings = {
				ALWAYS_EMBED_SWIFT_STANDARD_LIBRARIES = YES;
				CODE_SIGN_STYLE = Automatic;
				DEVELOPMENT_TEAM = S3HV3V77JS;
				INFOPLIST_FILE = "Mock Instagram Feed SwifUIUITests/Info.plist";
				LD_RUNPATH_SEARCH_PATHS = (
					"$(inherited)",
					"@executable_path/Frameworks",
					"@loader_path/Frameworks",
				);
				PRODUCT_BUNDLE_IDENTIFIER = "com.bGenius.Mock-Instagram-Feed-SwifUIUITests";
				PRODUCT_NAME = "$(TARGET_NAME)";
				SWIFT_VERSION = 5.0;
				TARGETED_DEVICE_FAMILY = "1,2";
				TEST_TARGET_NAME = "Mock Instagram Feed SwifUI";
			};
			name = Debug;
		};
		FB5F74B226B510B2006FECB9 /* Release */ = {
			isa = XCBuildConfiguration;
			buildSettings = {
				ALWAYS_EMBED_SWIFT_STANDARD_LIBRARIES = YES;
				CODE_SIGN_STYLE = Automatic;
				DEVELOPMENT_TEAM = S3HV3V77JS;
				INFOPLIST_FILE = "Mock Instagram Feed SwifUIUITests/Info.plist";
				LD_RUNPATH_SEARCH_PATHS = (
					"$(inherited)",
					"@executable_path/Frameworks",
					"@loader_path/Frameworks",
				);
				PRODUCT_BUNDLE_IDENTIFIER = "com.bGenius.Mock-Instagram-Feed-SwifUIUITests";
				PRODUCT_NAME = "$(TARGET_NAME)";
				SWIFT_VERSION = 5.0;
				TARGETED_DEVICE_FAMILY = "1,2";
				TEST_TARGET_NAME = "Mock Instagram Feed SwifUI";
			};
			name = Release;
		};
/* End XCBuildConfiguration section */

/* Begin XCConfigurationList section */
		FB5F747B26B510AC006FECB9 /* Build configuration list for PBXProject "Mock Instagram Feed SwifUI" */ = {
			isa = XCConfigurationList;
			buildConfigurations = (
				FB5F74A826B510B2006FECB9 /* Debug */,
				FB5F74A926B510B2006FECB9 /* Release */,
			);
			defaultConfigurationIsVisible = 0;
			defaultConfigurationName = Release;
		};
		FB5F74AA26B510B2006FECB9 /* Build configuration list for PBXNativeTarget "Mock Instagram Feed SwifUI" */ = {
			isa = XCConfigurationList;
			buildConfigurations = (
				FB5F74AB26B510B2006FECB9 /* Debug */,
				FB5F74AC26B510B2006FECB9 /* Release */,
			);
			defaultConfigurationIsVisible = 0;
			defaultConfigurationName = Release;
		};
		FB5F74AD26B510B2006FECB9 /* Build configuration list for PBXNativeTarget "Mock Instagram Feed SwifUITests" */ = {
			isa = XCConfigurationList;
			buildConfigurations = (
				FB5F74AE26B510B2006FECB9 /* Debug */,
				FB5F74AF26B510B2006FECB9 /* Release */,
			);
			defaultConfigurationIsVisible = 0;
			defaultConfigurationName = Release;
		};
		FB5F74B026B510B2006FECB9 /* Build configuration list for PBXNativeTarget "Mock Instagram Feed SwifUIUITests" */ = {
			isa = XCConfigurationList;
			buildConfigurations = (
				FB5F74B126B510B2006FECB9 /* Debug */,
				FB5F74B226B510B2006FECB9 /* Release */,
			);
			defaultConfigurationIsVisible = 0;
			defaultConfigurationName = Release;
		};
/* End XCConfigurationList section */
	};
	rootObject = FB5F747826B510AC006FECB9 /* Project object */;
}
